
Microsoft Visual Studio Solution File, Format Version 12.00
# Visual Studio Version 16
VisualStudioVersion = 16.0.32413.511
MinimumVisualStudioVersion = 10.0.40219.1
Project("{FAE04EC0-301F-11D3-BF4B-00C04F79EFBC}") = "firstproject", "firstproject\firstproject.csproj", "{66BA2DE5-DD83-4F20-9E48-F3AE24AB0A16}"
EndProject
Global
	GlobalSection(SolutionConfigurationPlatforms) = preSolution
		Debug|Any CPU = Debug|Any CPU
		Release|Any CPU = Release|Any CPU
	EndGlobalSection
	GlobalSection(ProjectConfigurationPlatforms) = postSolution
		{66BA2DE5-DD83-4F20-9E48-F3AE24AB0A16}.Debug|Any CPU.ActiveCfg = Debug|Any CPU
		{66BA2DE5-DD83-4F20-9E48-F3AE24AB0A16}.Debug|Any CPU.Build.0 = Debug|Any CPU
		{66BA2DE5-DD83-4F20-9E48-F3AE24AB0A16}.Release|Any CPU.ActiveCfg = Release|Any CPU
		{66BA2DE5-DD83-4F20-9E48-F3AE24AB0A16}.Release|Any CPU.Build.0 = Release|Any CPU
	EndGlobalSection
	GlobalSection(SolutionProperties) = preSolution
		HideSolutionNode = FALSE
	EndGlobalSection
	GlobalSection(ExtensibilityGlobals) = postSolution
		SolutionGuid = {60231D28-7464-46EA-9A86-313DBB950B61}
	EndGlobalSection
EndGlobal
