
Microsoft Visual Studio Solution File, Format Version 12.00
# Visual Studio Version 16
VisualStudioVersion = 16.0.33214.272
MinimumVisualStudioVersion = 10.0.40219.1
Project("{00D1A9C2-B5F0-4AF3-8072-F6C62B433612}") = "calculatordatabase", "calculatordatabase\calculatordatabase.sqlproj", "{B35FBC1C-A295-4D09-824A-76B38505DF74}"
EndProject
Global
	GlobalSection(SolutionConfigurationPlatforms) = preSolution
		Debug|Any CPU = Debug|Any CPU
		Release|Any CPU = Release|Any CPU
	EndGlobalSection
	GlobalSection(ProjectConfigurationPlatforms) = postSolution
		{B35FBC1C-A295-4D09-824A-76B38505DF74}.Debug|Any CPU.ActiveCfg = Debug|Any CPU
		{B35FBC1C-A295-4D09-824A-76B38505DF74}.Debug|Any CPU.Build.0 = Debug|Any CPU
		{B35FBC1C-A295-4D09-824A-76B38505DF74}.Debug|Any CPU.Deploy.0 = Debug|Any CPU
		{B35FBC1C-A295-4D09-824A-76B38505DF74}.Release|Any CPU.ActiveCfg = Release|Any CPU
		{B35FBC1C-A295-4D09-824A-76B38505DF74}.Release|Any CPU.Build.0 = Release|Any CPU
		{B35FBC1C-A295-4D09-824A-76B38505DF74}.Release|Any CPU.Deploy.0 = Release|Any CPU
	EndGlobalSection
	GlobalSection(SolutionProperties) = preSolution
		HideSolutionNode = FALSE
	EndGlobalSection
	GlobalSection(ExtensibilityGlobals) = postSolution
		SolutionGuid = {63B0E0A5-1E71-4B57-91ED-B4BFCD5892CF}
	EndGlobalSection
EndGlobal
