
Microsoft Visual Studio Solution File, Format Version 12.00
# Visual Studio Version 16
VisualStudioVersion = 16.0.32413.511
MinimumVisualStudioVersion = 10.0.40219.1
Project("{FAE04EC0-301F-11D3-BF4B-00C04F79EFBC}") = "Assignment2ColeDorman", "Assignment2ColeDorman\Assignment2ColeDorman.csproj", "{DB798609-C26D-498D-853D-698ACF0C88B7}"
EndProject
Project("{FAE04EC0-301F-11D3-BF4B-00C04F79EFBC}") = "UnitTestRRCAG", "UnitTestRRCAG\UnitTestRRCAG.csproj", "{667CF0EC-ED8F-4FB0-950D-054B82890C87}"
EndProject
Project("{FAE04EC0-301F-11D3-BF4B-00C04F79EFBC}") = "RRCAGLibraryColeDorman2", "RRCAGLibraryColeDorman2\RRCAGLibraryColeDorman2.csproj", "{F610D22A-D706-4D63-B1BB-5ABC51BBE523}"
EndProject
Global
	GlobalSection(SolutionConfigurationPlatforms) = preSolution
		Debug|Any CPU = Debug|Any CPU
		Release|Any CPU = Release|Any CPU
	EndGlobalSection
	GlobalSection(ProjectConfigurationPlatforms) = postSolution
		{DB798609-C26D-498D-853D-698ACF0C88B7}.Debug|Any CPU.ActiveCfg = Debug|Any CPU
		{DB798609-C26D-498D-853D-698ACF0C88B7}.Debug|Any CPU.Build.0 = Debug|Any CPU
		{DB798609-C26D-498D-853D-698ACF0C88B7}.Release|Any CPU.ActiveCfg = Release|Any CPU
		{DB798609-C26D-498D-853D-698ACF0C88B7}.Release|Any CPU.Build.0 = Release|Any CPU
		{667CF0EC-ED8F-4FB0-950D-054B82890C87}.Debug|Any CPU.ActiveCfg = Debug|Any CPU
		{667CF0EC-ED8F-4FB0-950D-054B82890C87}.Debug|Any CPU.Build.0 = Debug|Any CPU
		{667CF0EC-ED8F-4FB0-950D-054B82890C87}.Release|Any CPU.ActiveCfg = Release|Any CPU
		{667CF0EC-ED8F-4FB0-950D-054B82890C87}.Release|Any CPU.Build.0 = Release|Any CPU
		{F610D22A-D706-4D63-B1BB-5ABC51BBE523}.Debug|Any CPU.ActiveCfg = Debug|Any CPU
		{F610D22A-D706-4D63-B1BB-5ABC51BBE523}.Debug|Any CPU.Build.0 = Debug|Any CPU
		{F610D22A-D706-4D63-B1BB-5ABC51BBE523}.Release|Any CPU.ActiveCfg = Release|Any CPU
		{F610D22A-D706-4D63-B1BB-5ABC51BBE523}.Release|Any CPU.Build.0 = Release|Any CPU
	EndGlobalSection
	GlobalSection(SolutionProperties) = preSolution
		HideSolutionNode = FALSE
	EndGlobalSection
	GlobalSection(ExtensibilityGlobals) = postSolution
		SolutionGuid = {F3F8BC08-EF15-4B1A-9C3F-D78C511220C4}
	EndGlobalSection
EndGlobal
