
Microsoft Visual Studio Solution File, Format Version 12.00
# Visual Studio Version 17
VisualStudioVersion = 17.5.002.0
MinimumVisualStudioVersion = 10.0.40219.1
Project("{2150E333-8FDC-42A3-9474-1A3956D46DE8}") = "C#Online", "C#Online", "{EA9304AE-B594-498A-8A21-4DAA11C60878}"
EndProject
Project("{2150E333-8FDC-42A3-9474-1A3956D46DE8}") = "Assignment 01 Files", "Assignment 01 Files", "{188BAA22-16F4-4281-A215-EBBA7CD9EDB1}"
EndProject
Project("{2150E333-8FDC-42A3-9474-1A3956D46DE8}") = "Assignment 01 Files", "Assignment 01 Files", "{F943E9E3-91FA-44E1-AC8E-3B3E7BE7F4D7}"
EndProject
Project("{9A19103F-16F7-4668-BE54-9A1E7A4F7556}") = "Utility", "C#Online\Assignment 01 Files\Assignment 01 Files\Utility\Utility.csproj", "{0C1CE4F4-ACB1-4978-A3B2-23EF88C2F09C}"
EndProject
Global
	GlobalSection(SolutionConfigurationPlatforms) = preSolution
		Debug|Any CPU = Debug|Any CPU
		Release|Any CPU = Release|Any CPU
	EndGlobalSection
	GlobalSection(ProjectConfigurationPlatforms) = postSolution
		{0C1CE4F4-ACB1-4978-A3B2-23EF88C2F09C}.Debug|Any CPU.ActiveCfg = Debug|Any CPU
		{0C1CE4F4-ACB1-4978-A3B2-23EF88C2F09C}.Debug|Any CPU.Build.0 = Debug|Any CPU
		{0C1CE4F4-ACB1-4978-A3B2-23EF88C2F09C}.Release|Any CPU.ActiveCfg = Release|Any CPU
		{0C1CE4F4-ACB1-4978-A3B2-23EF88C2F09C}.Release|Any CPU.Build.0 = Release|Any CPU
	EndGlobalSection
	GlobalSection(SolutionProperties) = preSolution
		HideSolutionNode = FALSE
	EndGlobalSection
	GlobalSection(NestedProjects) = preSolution
		{188BAA22-16F4-4281-A215-EBBA7CD9EDB1} = {EA9304AE-B594-498A-8A21-4DAA11C60878}
		{F943E9E3-91FA-44E1-AC8E-3B3E7BE7F4D7} = {188BAA22-16F4-4281-A215-EBBA7CD9EDB1}
		{0C1CE4F4-ACB1-4978-A3B2-23EF88C2F09C} = {F943E9E3-91FA-44E1-AC8E-3B3E7BE7F4D7}
	EndGlobalSection
	GlobalSection(ExtensibilityGlobals) = postSolution
		SolutionGuid = {51D25CEE-2D58-48FA-8E32-0B80EE70BD62}
	EndGlobalSection
EndGlobal
